
Microsoft Visual Studio Solution File, Format Version 12.00
# Visual Studio Version 16
VisualStudioVersion = 16.0.31729.503
MinimumVisualStudioVersion = 10.0.40219.1
Project("{FAE04EC0-301F-11D3-BF4B-00C04F79EFBC}") = "personelvardiya_yonetici", "personelvardiya_yonetici\personelvardiya_yonetici.csproj", "{39DA27D0-1F00-4B12-BF0D-1FCBAC03996D}"
EndProject
Global
	GlobalSection(SolutionConfigurationPlatforms) = preSolution
		Debug|Any CPU = Debug|Any CPU
		Release|Any CPU = Release|Any CPU
	EndGlobalSection
	GlobalSection(ProjectConfigurationPlatforms) = postSolution
		{39DA27D0-1F00-4B12-BF0D-1FCBAC03996D}.Debug|Any CPU.ActiveCfg = Debug|Any CPU
		{39DA27D0-1F00-4B12-BF0D-1FCBAC03996D}.Debug|Any CPU.Build.0 = Debug|Any CPU
		{39DA27D0-1F00-4B12-BF0D-1FCBAC03996D}.Release|Any CPU.ActiveCfg = Release|Any CPU
		{39DA27D0-1F00-4B12-BF0D-1FCBAC03996D}.Release|Any CPU.Build.0 = Release|Any CPU
	EndGlobalSection
	GlobalSection(SolutionProperties) = preSolution
		HideSolutionNode = FALSE
	EndGlobalSection
	GlobalSection(ExtensibilityGlobals) = postSolution
		SolutionGuid = {5CD32DF7-C1A2-43CC-A0AB-F3A9C22EC9B8}
	EndGlobalSection
EndGlobal
