
Microsoft Visual Studio Solution File, Format Version 12.00
# Visual Studio Version 17
VisualStudioVersion = 17.1.32210.238
MinimumVisualStudioVersion = 10.0.40219.1
Project("{FAE04EC0-301F-11D3-BF4B-00C04F79EFBC}") = "Vardiya Merge", "Vardiya Merge\Vardiya Merge.csproj", "{BEDE9C87-4AE0-4E54-84F8-F0EAF6E899A1}"
EndProject
Global
	GlobalSection(SolutionConfigurationPlatforms) = preSolution
		Debug|Any CPU = Debug|Any CPU
		Release|Any CPU = Release|Any CPU
	EndGlobalSection
	GlobalSection(ProjectConfigurationPlatforms) = postSolution
		{BEDE9C87-4AE0-4E54-84F8-F0EAF6E899A1}.Debug|Any CPU.ActiveCfg = Debug|Any CPU
		{BEDE9C87-4AE0-4E54-84F8-F0EAF6E899A1}.Debug|Any CPU.Build.0 = Debug|Any CPU
		{BEDE9C87-4AE0-4E54-84F8-F0EAF6E899A1}.Release|Any CPU.ActiveCfg = Release|Any CPU
		{BEDE9C87-4AE0-4E54-84F8-F0EAF6E899A1}.Release|Any CPU.Build.0 = Release|Any CPU
	EndGlobalSection
	GlobalSection(SolutionProperties) = preSolution
		HideSolutionNode = FALSE
	EndGlobalSection
	GlobalSection(ExtensibilityGlobals) = postSolution
		SolutionGuid = {616007A3-FD53-4CCA-AD22-BCB5683F6877}
	EndGlobalSection
EndGlobal
