
Microsoft Visual Studio Solution File, Format Version 12.00
# Visual Studio Version 17
VisualStudioVersion = 17.1.32210.238
MinimumVisualStudioVersion = 10.0.40219.1
Project("{FAE04EC0-301F-11D3-BF4B-00C04F79EFBC}") = "PersonelVardiya_PersonelEkle", "PersonelVardiya_PersonelEkle\PersonelVardiya_PersonelEkle.csproj", "{152AF3CE-5C83-43F4-9054-4F6024261115}"
EndProject
Global
	GlobalSection(SolutionConfigurationPlatforms) = preSolution
		Debug|Any CPU = Debug|Any CPU
		Release|Any CPU = Release|Any CPU
	EndGlobalSection
	GlobalSection(ProjectConfigurationPlatforms) = postSolution
		{152AF3CE-5C83-43F4-9054-4F6024261115}.Debug|Any CPU.ActiveCfg = Debug|Any CPU
		{152AF3CE-5C83-43F4-9054-4F6024261115}.Debug|Any CPU.Build.0 = Debug|Any CPU
		{152AF3CE-5C83-43F4-9054-4F6024261115}.Release|Any CPU.ActiveCfg = Release|Any CPU
		{152AF3CE-5C83-43F4-9054-4F6024261115}.Release|Any CPU.Build.0 = Release|Any CPU
	EndGlobalSection
	GlobalSection(SolutionProperties) = preSolution
		HideSolutionNode = FALSE
	EndGlobalSection
	GlobalSection(ExtensibilityGlobals) = postSolution
		SolutionGuid = {787FDF48-5F21-486D-ADF0-67081E2738CE}
	EndGlobalSection
EndGlobal
